
Microsoft Visual Studio Solution File, Format Version 12.00
# Visual Studio Version 17
VisualStudioVersion = 17.8.34330.188
MinimumVisualStudioVersion = 10.0.40219.1
Project("{FAE04EC0-301F-11D3-BF4B-00C04F79EFBC}") = "BulkyWeb", "BulkyWeb\BulkyWeb.csproj", "{8D5163BE-C976-4549-B0FF-65C03CBAF2BD}"
EndProject
Global
	GlobalSection(SolutionConfigurationPlatforms) = preSolution
		Debug|Any CPU = Debug|Any CPU
		Release|Any CPU = Release|Any CPU
	EndGlobalSection
	GlobalSection(ProjectConfigurationPlatforms) = postSolution
		{8D5163BE-C976-4549-B0FF-65C03CBAF2BD}.Debug|Any CPU.ActiveCfg = Debug|Any CPU
		{8D5163BE-C976-4549-B0FF-65C03CBAF2BD}.Debug|Any CPU.Build.0 = Debug|Any CPU
		{8D5163BE-C976-4549-B0FF-65C03CBAF2BD}.Release|Any CPU.ActiveCfg = Release|Any CPU
		{8D5163BE-C976-4549-B0FF-65C03CBAF2BD}.Release|Any CPU.Build.0 = Release|Any CPU
	EndGlobalSection
	GlobalSection(SolutionProperties) = preSolution
		HideSolutionNode = FALSE
	EndGlobalSection
	GlobalSection(ExtensibilityGlobals) = postSolution
		SolutionGuid = {96D93CCC-30BA-456A-8AD5-3E8DCFFB41D2}
	EndGlobalSection
EndGlobal
